
Microsoft Visual Studio Solution File, Format Version 12.00
# Visual Studio Version 16
VisualStudioVersion = 16.0.29409.12
MinimumVisualStudioVersion = 10.0.40219.1
Project("{9A19103F-16F7-4668-BE54-9A1E7A4F7556}") = "UBGE-Bot", "UBGE-Bot.csproj", "{CADA18A3-7E95-42AF-B7F9-1F1F930AAE7D}"
EndProject
Project("{E53339B2-1760-4266-BCC7-CA923CBCF16C}") = "docker-compose", "docker-compose.dcproj", "{17B9105F-E9DC-4C53-A589-D456BA142BB1}"
EndProject
Global
	GlobalSection(SolutionConfigurationPlatforms) = preSolution
		Debug|Any CPU = Debug|Any CPU
		Release|Any CPU = Release|Any CPU
	EndGlobalSection
	GlobalSection(ProjectConfigurationPlatforms) = postSolution
		{CADA18A3-7E95-42AF-B7F9-1F1F930AAE7D}.Debug|Any CPU.ActiveCfg = Debug|Any CPU
		{CADA18A3-7E95-42AF-B7F9-1F1F930AAE7D}.Debug|Any CPU.Build.0 = Debug|Any CPU
		{CADA18A3-7E95-42AF-B7F9-1F1F930AAE7D}.Release|Any CPU.ActiveCfg = Release|Any CPU
		{CADA18A3-7E95-42AF-B7F9-1F1F930AAE7D}.Release|Any CPU.Build.0 = Release|Any CPU
		{17B9105F-E9DC-4C53-A589-D456BA142BB1}.Debug|Any CPU.ActiveCfg = Debug|Any CPU
		{17B9105F-E9DC-4C53-A589-D456BA142BB1}.Debug|Any CPU.Build.0 = Debug|Any CPU
		{17B9105F-E9DC-4C53-A589-D456BA142BB1}.Release|Any CPU.ActiveCfg = Release|Any CPU
		{17B9105F-E9DC-4C53-A589-D456BA142BB1}.Release|Any CPU.Build.0 = Release|Any CPU
	EndGlobalSection
	GlobalSection(SolutionProperties) = preSolution
		HideSolutionNode = FALSE
	EndGlobalSection
	GlobalSection(ExtensibilityGlobals) = postSolution
		SolutionGuid = {3ECBEE1F-B2C8-42E2-8FCA-C9EEDC4581CD}
	EndGlobalSection
EndGlobal
